
Microsoft Visual Studio Solution File, Format Version 12.00
# Visual Studio 15
VisualStudioVersion = 15.0.28307.421
MinimumVisualStudioVersion = 10.0.40219.1
Project("{FAE04EC0-301F-11D3-BF4B-00C04F79EFBC}") = "Lab2", "Lab2\Lab2.csproj", "{44F21910-078C-4568-8B6A-CBFF73B0A121}"
EndProject
Global
	GlobalSection(SolutionConfigurationPlatforms) = preSolution
		Debug|Any CPU = Debug|Any CPU
		Release|Any CPU = Release|Any CPU
	EndGlobalSection
	GlobalSection(ProjectConfigurationPlatforms) = postSolution
		{44F21910-078C-4568-8B6A-CBFF73B0A121}.Debug|Any CPU.ActiveCfg = Debug|Any CPU
		{44F21910-078C-4568-8B6A-CBFF73B0A121}.Debug|Any CPU.Build.0 = Debug|Any CPU
		{44F21910-078C-4568-8B6A-CBFF73B0A121}.Debug|Any CPU.Deploy.0 = Debug|Any CPU
		{44F21910-078C-4568-8B6A-CBFF73B0A121}.Release|Any CPU.ActiveCfg = Release|Any CPU
		{44F21910-078C-4568-8B6A-CBFF73B0A121}.Release|Any CPU.Build.0 = Release|Any CPU
		{44F21910-078C-4568-8B6A-CBFF73B0A121}.Release|Any CPU.Deploy.0 = Release|Any CPU
	EndGlobalSection
	GlobalSection(SolutionProperties) = preSolution
		HideSolutionNode = FALSE
	EndGlobalSection
	GlobalSection(ExtensibilityGlobals) = postSolution
		SolutionGuid = {997DC987-68FD-42E2-8C39-B902730974C5}
	EndGlobalSection
EndGlobal
