
Microsoft Visual Studio Solution File, Format Version 12.00
# Visual Studio 15
VisualStudioVersion = 15.0.28307.421
MinimumVisualStudioVersion = 10.0.40219.1
Project("{FAE04EC0-301F-11D3-BF4B-00C04F79EFBC}") = "MyLab1.Android", "MyLab1\MyLab1.Android\MyLab1.Android.csproj", "{D4ABE2A5-E508-42AA-8474-B31933D7ADBB}"
EndProject
Project("{FAE04EC0-301F-11D3-BF4B-00C04F79EFBC}") = "MyLab1.iOS", "MyLab1\MyLab1.iOS\MyLab1.iOS.csproj", "{9F145D4C-AA4B-4B3B-9BFC-F4F57E50AEFE}"
EndProject
Project("{FAE04EC0-301F-11D3-BF4B-00C04F79EFBC}") = "MyLab1", "MyLab1\MyLab1\MyLab1.csproj", "{9689F25E-5515-4C25-8EEE-459B773300C7}"
EndProject
Global
	GlobalSection(SolutionConfigurationPlatforms) = preSolution
		Ad-Hoc|Any CPU = Ad-Hoc|Any CPU
		Ad-Hoc|iPhone = Ad-Hoc|iPhone
		Ad-Hoc|iPhoneSimulator = Ad-Hoc|iPhoneSimulator
		AppStore|Any CPU = AppStore|Any CPU
		AppStore|iPhone = AppStore|iPhone
		AppStore|iPhoneSimulator = AppStore|iPhoneSimulator
		Debug|Any CPU = Debug|Any CPU
		Debug|iPhone = Debug|iPhone
		Debug|iPhoneSimulator = Debug|iPhoneSimulator
		Release|Any CPU = Release|Any CPU
		Release|iPhone = Release|iPhone
		Release|iPhoneSimulator = Release|iPhoneSimulator
	EndGlobalSection
	GlobalSection(ProjectConfigurationPlatforms) = postSolution
		{D4ABE2A5-E508-42AA-8474-B31933D7ADBB}.Ad-Hoc|Any CPU.ActiveCfg = Release|Any CPU
		{D4ABE2A5-E508-42AA-8474-B31933D7ADBB}.Ad-Hoc|Any CPU.Build.0 = Release|Any CPU
		{D4ABE2A5-E508-42AA-8474-B31933D7ADBB}.Ad-Hoc|Any CPU.Deploy.0 = Release|Any CPU
		{D4ABE2A5-E508-42AA-8474-B31933D7ADBB}.Ad-Hoc|iPhone.ActiveCfg = Release|Any CPU
		{D4ABE2A5-E508-42AA-8474-B31933D7ADBB}.Ad-Hoc|iPhone.Build.0 = Release|Any CPU
		{D4ABE2A5-E508-42AA-8474-B31933D7ADBB}.Ad-Hoc|iPhone.Deploy.0 = Release|Any CPU
		{D4ABE2A5-E508-42AA-8474-B31933D7ADBB}.Ad-Hoc|iPhoneSimulator.ActiveCfg = Release|Any CPU
		{D4ABE2A5-E508-42AA-8474-B31933D7ADBB}.Ad-Hoc|iPhoneSimulator.Build.0 = Release|Any CPU
		{D4ABE2A5-E508-42AA-8474-B31933D7ADBB}.Ad-Hoc|iPhoneSimulator.Deploy.0 = Release|Any CPU
		{D4ABE2A5-E508-42AA-8474-B31933D7ADBB}.AppStore|Any CPU.ActiveCfg = Release|Any CPU
		{D4ABE2A5-E508-42AA-8474-B31933D7ADBB}.AppStore|Any CPU.Build.0 = Release|Any CPU
		{D4ABE2A5-E508-42AA-8474-B31933D7ADBB}.AppStore|Any CPU.Deploy.0 = Release|Any CPU
		{D4ABE2A5-E508-42AA-8474-B31933D7ADBB}.AppStore|iPhone.ActiveCfg = Release|Any CPU
		{D4ABE2A5-E508-42AA-8474-B31933D7ADBB}.AppStore|iPhone.Build.0 = Release|Any CPU
		{D4ABE2A5-E508-42AA-8474-B31933D7ADBB}.AppStore|iPhone.Deploy.0 = Release|Any CPU
		{D4ABE2A5-E508-42AA-8474-B31933D7ADBB}.AppStore|iPhoneSimulator.ActiveCfg = Release|Any CPU
		{D4ABE2A5-E508-42AA-8474-B31933D7ADBB}.AppStore|iPhoneSimulator.Build.0 = Release|Any CPU
		{D4ABE2A5-E508-42AA-8474-B31933D7ADBB}.AppStore|iPhoneSimulator.Deploy.0 = Release|Any CPU
		{D4ABE2A5-E508-42AA-8474-B31933D7ADBB}.Debug|Any CPU.ActiveCfg = Debug|Any CPU
		{D4ABE2A5-E508-42AA-8474-B31933D7ADBB}.Debug|Any CPU.Build.0 = Debug|Any CPU
		{D4ABE2A5-E508-42AA-8474-B31933D7ADBB}.Debug|Any CPU.Deploy.0 = Debug|Any CPU
		{D4ABE2A5-E508-42AA-8474-B31933D7ADBB}.Debug|iPhone.ActiveCfg = Debug|Any CPU
		{D4ABE2A5-E508-42AA-8474-B31933D7ADBB}.Debug|iPhone.Build.0 = Debug|Any CPU
		{D4ABE2A5-E508-42AA-8474-B31933D7ADBB}.Debug|iPhone.Deploy.0 = Debug|Any CPU
		{D4ABE2A5-E508-42AA-8474-B31933D7ADBB}.Debug|iPhoneSimulator.ActiveCfg = Debug|Any CPU
		{D4ABE2A5-E508-42AA-8474-B31933D7ADBB}.Debug|iPhoneSimulator.Build.0 = Debug|Any CPU
		{D4ABE2A5-E508-42AA-8474-B31933D7ADBB}.Debug|iPhoneSimulator.Deploy.0 = Debug|Any CPU
		{D4ABE2A5-E508-42AA-8474-B31933D7ADBB}.Release|Any CPU.ActiveCfg = Release|Any CPU
		{D4ABE2A5-E508-42AA-8474-B31933D7ADBB}.Release|Any CPU.Build.0 = Release|Any CPU
		{D4ABE2A5-E508-42AA-8474-B31933D7ADBB}.Release|Any CPU.Deploy.0 = Release|Any CPU
		{D4ABE2A5-E508-42AA-8474-B31933D7ADBB}.Release|iPhone.ActiveCfg = Release|Any CPU
		{D4ABE2A5-E508-42AA-8474-B31933D7ADBB}.Release|iPhone.Build.0 = Release|Any CPU
		{D4ABE2A5-E508-42AA-8474-B31933D7ADBB}.Release|iPhone.Deploy.0 = Release|Any CPU
		{D4ABE2A5-E508-42AA-8474-B31933D7ADBB}.Release|iPhoneSimulator.ActiveCfg = Release|Any CPU
		{D4ABE2A5-E508-42AA-8474-B31933D7ADBB}.Release|iPhoneSimulator.Build.0 = Release|Any CPU
		{D4ABE2A5-E508-42AA-8474-B31933D7ADBB}.Release|iPhoneSimulator.Deploy.0 = Release|Any CPU
		{9F145D4C-AA4B-4B3B-9BFC-F4F57E50AEFE}.Ad-Hoc|Any CPU.ActiveCfg = Ad-Hoc|iPhone
		{9F145D4C-AA4B-4B3B-9BFC-F4F57E50AEFE}.Ad-Hoc|Any CPU.Build.0 = Ad-Hoc|iPhone
		{9F145D4C-AA4B-4B3B-9BFC-F4F57E50AEFE}.Ad-Hoc|Any CPU.Deploy.0 = Ad-Hoc|iPhone
		{9F145D4C-AA4B-4B3B-9BFC-F4F57E50AEFE}.Ad-Hoc|iPhone.ActiveCfg = Ad-Hoc|iPhone
		{9F145D4C-AA4B-4B3B-9BFC-F4F57E50AEFE}.Ad-Hoc|iPhone.Build.0 = Ad-Hoc|iPhone
		{9F145D4C-AA4B-4B3B-9BFC-F4F57E50AEFE}.Ad-Hoc|iPhone.Deploy.0 = Ad-Hoc|iPhone
		{9F145D4C-AA4B-4B3B-9BFC-F4F57E50AEFE}.Ad-Hoc|iPhoneSimulator.ActiveCfg = Ad-Hoc|iPhoneSimulator
		{9F145D4C-AA4B-4B3B-9BFC-F4F57E50AEFE}.Ad-Hoc|iPhoneSimulator.Build.0 = Ad-Hoc|iPhoneSimulator
		{9F145D4C-AA4B-4B3B-9BFC-F4F57E50AEFE}.Ad-Hoc|iPhoneSimulator.Deploy.0 = Ad-Hoc|iPhoneSimulator
		{9F145D4C-AA4B-4B3B-9BFC-F4F57E50AEFE}.AppStore|Any CPU.ActiveCfg = AppStore|iPhone
		{9F145D4C-AA4B-4B3B-9BFC-F4F57E50AEFE}.AppStore|Any CPU.Build.0 = AppStore|iPhone
		{9F145D4C-AA4B-4B3B-9BFC-F4F57E50AEFE}.AppStore|Any CPU.Deploy.0 = AppStore|iPhone
		{9F145D4C-AA4B-4B3B-9BFC-F4F57E50AEFE}.AppStore|iPhone.ActiveCfg = AppStore|iPhone
		{9F145D4C-AA4B-4B3B-9BFC-F4F57E50AEFE}.AppStore|iPhone.Build.0 = AppStore|iPhone
		{9F145D4C-AA4B-4B3B-9BFC-F4F57E50AEFE}.AppStore|iPhone.Deploy.0 = AppStore|iPhone
		{9F145D4C-AA4B-4B3B-9BFC-F4F57E50AEFE}.AppStore|iPhoneSimulator.ActiveCfg = AppStore|iPhoneSimulator
		{9F145D4C-AA4B-4B3B-9BFC-F4F57E50AEFE}.AppStore|iPhoneSimulator.Build.0 = AppStore|iPhoneSimulator
		{9F145D4C-AA4B-4B3B-9BFC-F4F57E50AEFE}.AppStore|iPhoneSimulator.Deploy.0 = AppStore|iPhoneSimulator
		{9F145D4C-AA4B-4B3B-9BFC-F4F57E50AEFE}.Debug|Any CPU.ActiveCfg = Debug|iPhoneSimulator
		{9F145D4C-AA4B-4B3B-9BFC-F4F57E50AEFE}.Debug|Any CPU.Build.0 = Debug|iPhoneSimulator
		{9F145D4C-AA4B-4B3B-9BFC-F4F57E50AEFE}.Debug|Any CPU.Deploy.0 = Debug|iPhoneSimulator
		{9F145D4C-AA4B-4B3B-9BFC-F4F57E50AEFE}.Debug|iPhone.ActiveCfg = Debug|iPhone
		{9F145D4C-AA4B-4B3B-9BFC-F4F57E50AEFE}.Debug|iPhone.Build.0 = Debug|iPhone
		{9F145D4C-AA4B-4B3B-9BFC-F4F57E50AEFE}.Debug|iPhone.Deploy.0 = Debug|iPhone
		{9F145D4C-AA4B-4B3B-9BFC-F4F57E50AEFE}.Debug|iPhoneSimulator.ActiveCfg = Debug|iPhoneSimulator
		{9F145D4C-AA4B-4B3B-9BFC-F4F57E50AEFE}.Debug|iPhoneSimulator.Build.0 = Debug|iPhoneSimulator
		{9F145D4C-AA4B-4B3B-9BFC-F4F57E50AEFE}.Debug|iPhoneSimulator.Deploy.0 = Debug|iPhoneSimulator
		{9F145D4C-AA4B-4B3B-9BFC-F4F57E50AEFE}.Release|Any CPU.ActiveCfg = Release|iPhone
		{9F145D4C-AA4B-4B3B-9BFC-F4F57E50AEFE}.Release|Any CPU.Build.0 = Release|iPhone
		{9F145D4C-AA4B-4B3B-9BFC-F4F57E50AEFE}.Release|Any CPU.Deploy.0 = Release|iPhone
		{9F145D4C-AA4B-4B3B-9BFC-F4F57E50AEFE}.Release|iPhone.ActiveCfg = Release|iPhone
		{9F145D4C-AA4B-4B3B-9BFC-F4F57E50AEFE}.Release|iPhone.Build.0 = Release|iPhone
		{9F145D4C-AA4B-4B3B-9BFC-F4F57E50AEFE}.Release|iPhone.Deploy.0 = Release|iPhone
		{9F145D4C-AA4B-4B3B-9BFC-F4F57E50AEFE}.Release|iPhoneSimulator.ActiveCfg = Release|iPhoneSimulator
		{9F145D4C-AA4B-4B3B-9BFC-F4F57E50AEFE}.Release|iPhoneSimulator.Build.0 = Release|iPhoneSimulator
		{9F145D4C-AA4B-4B3B-9BFC-F4F57E50AEFE}.Release|iPhoneSimulator.Deploy.0 = Release|iPhoneSimulator
		{9689F25E-5515-4C25-8EEE-459B773300C7}.Ad-Hoc|Any CPU.ActiveCfg = Debug|Any CPU
		{9689F25E-5515-4C25-8EEE-459B773300C7}.Ad-Hoc|Any CPU.Build.0 = Debug|Any CPU
		{9689F25E-5515-4C25-8EEE-459B773300C7}.Ad-Hoc|Any CPU.Deploy.0 = Debug|Any CPU
		{9689F25E-5515-4C25-8EEE-459B773300C7}.Ad-Hoc|iPhone.ActiveCfg = Debug|Any CPU
		{9689F25E-5515-4C25-8EEE-459B773300C7}.Ad-Hoc|iPhone.Build.0 = Debug|Any CPU
		{9689F25E-5515-4C25-8EEE-459B773300C7}.Ad-Hoc|iPhone.Deploy.0 = Debug|Any CPU
		{9689F25E-5515-4C25-8EEE-459B773300C7}.Ad-Hoc|iPhoneSimulator.ActiveCfg = Debug|Any CPU
		{9689F25E-5515-4C25-8EEE-459B773300C7}.Ad-Hoc|iPhoneSimulator.Build.0 = Debug|Any CPU
		{9689F25E-5515-4C25-8EEE-459B773300C7}.Ad-Hoc|iPhoneSimulator.Deploy.0 = Debug|Any CPU
		{9689F25E-5515-4C25-8EEE-459B773300C7}.AppStore|Any CPU.ActiveCfg = Debug|Any CPU
		{9689F25E-5515-4C25-8EEE-459B773300C7}.AppStore|Any CPU.Build.0 = Debug|Any CPU
		{9689F25E-5515-4C25-8EEE-459B773300C7}.AppStore|Any CPU.Deploy.0 = Debug|Any CPU
		{9689F25E-5515-4C25-8EEE-459B773300C7}.AppStore|iPhone.ActiveCfg = Debug|Any CPU
		{9689F25E-5515-4C25-8EEE-459B773300C7}.AppStore|iPhone.Build.0 = Debug|Any CPU
		{9689F25E-5515-4C25-8EEE-459B773300C7}.AppStore|iPhone.Deploy.0 = Debug|Any CPU
		{9689F25E-5515-4C25-8EEE-459B773300C7}.AppStore|iPhoneSimulator.ActiveCfg = Debug|Any CPU
		{9689F25E-5515-4C25-8EEE-459B773300C7}.AppStore|iPhoneSimulator.Build.0 = Debug|Any CPU
		{9689F25E-5515-4C25-8EEE-459B773300C7}.AppStore|iPhoneSimulator.Deploy.0 = Debug|Any CPU
		{9689F25E-5515-4C25-8EEE-459B773300C7}.Debug|Any CPU.ActiveCfg = Debug|Any CPU
		{9689F25E-5515-4C25-8EEE-459B773300C7}.Debug|Any CPU.Build.0 = Debug|Any CPU
		{9689F25E-5515-4C25-8EEE-459B773300C7}.Debug|Any CPU.Deploy.0 = Debug|Any CPU
		{9689F25E-5515-4C25-8EEE-459B773300C7}.Debug|iPhone.ActiveCfg = Debug|Any CPU
		{9689F25E-5515-4C25-8EEE-459B773300C7}.Debug|iPhone.Build.0 = Debug|Any CPU
		{9689F25E-5515-4C25-8EEE-459B773300C7}.Debug|iPhone.Deploy.0 = Debug|Any CPU
		{9689F25E-5515-4C25-8EEE-459B773300C7}.Debug|iPhoneSimulator.ActiveCfg = Debug|Any CPU
		{9689F25E-5515-4C25-8EEE-459B773300C7}.Debug|iPhoneSimulator.Build.0 = Debug|Any CPU
		{9689F25E-5515-4C25-8EEE-459B773300C7}.Debug|iPhoneSimulator.Deploy.0 = Debug|Any CPU
		{9689F25E-5515-4C25-8EEE-459B773300C7}.Release|Any CPU.ActiveCfg = Release|Any CPU
		{9689F25E-5515-4C25-8EEE-459B773300C7}.Release|Any CPU.Build.0 = Release|Any CPU
		{9689F25E-5515-4C25-8EEE-459B773300C7}.Release|Any CPU.Deploy.0 = Release|Any CPU
		{9689F25E-5515-4C25-8EEE-459B773300C7}.Release|iPhone.ActiveCfg = Release|Any CPU
		{9689F25E-5515-4C25-8EEE-459B773300C7}.Release|iPhone.Build.0 = Release|Any CPU
		{9689F25E-5515-4C25-8EEE-459B773300C7}.Release|iPhone.Deploy.0 = Release|Any CPU
		{9689F25E-5515-4C25-8EEE-459B773300C7}.Release|iPhoneSimulator.ActiveCfg = Release|Any CPU
		{9689F25E-5515-4C25-8EEE-459B773300C7}.Release|iPhoneSimulator.Build.0 = Release|Any CPU
		{9689F25E-5515-4C25-8EEE-459B773300C7}.Release|iPhoneSimulator.Deploy.0 = Release|Any CPU
	EndGlobalSection
	GlobalSection(SolutionProperties) = preSolution
		HideSolutionNode = FALSE
	EndGlobalSection
	GlobalSection(ExtensibilityGlobals) = postSolution
		SolutionGuid = {726C77E1-7F30-4C74-825B-E6819EEC6E95}
	EndGlobalSection
EndGlobal
